
Microsoft Visual Studio Solution File, Format Version 12.00
# Visual Studio 14
VisualStudioVersion = 14.0.25420.1
MinimumVisualStudioVersion = 10.0.40219.1
Project("{FAE04EC0-301F-11D3-BF4B-00C04F79EFBC}") = "Slider.Droid", "Slider\Slider.Droid\Slider.Droid.csproj", "{09EEADA5-AE91-437E-A917-DC7A2CC08052}"
EndProject
Project("{FAE04EC0-301F-11D3-BF4B-00C04F79EFBC}") = "Slider.iOS", "Slider\Slider.iOS\Slider.iOS.csproj", "{18FC58B8-3E01-465D-9FCA-EFD7EAE1C6EE}"
EndProject
Project("{FAE04EC0-301F-11D3-BF4B-00C04F79EFBC}") = "Slider", "Slider\Slider\Slider.csproj", "{2ED462FE-F99B-4DCF-A56D-8A0CA0177868}"
EndProject
Global
	GlobalSection(SolutionConfigurationPlatforms) = preSolution
		Ad-Hoc|Any CPU = Ad-Hoc|Any CPU
		Ad-Hoc|iPhone = Ad-Hoc|iPhone
		Ad-Hoc|iPhoneSimulator = Ad-Hoc|iPhoneSimulator
		AppStore|Any CPU = AppStore|Any CPU
		AppStore|iPhone = AppStore|iPhone
		AppStore|iPhoneSimulator = AppStore|iPhoneSimulator
		Debug|Any CPU = Debug|Any CPU
		Debug|iPhone = Debug|iPhone
		Debug|iPhoneSimulator = Debug|iPhoneSimulator
		Release|Any CPU = Release|Any CPU
		Release|iPhone = Release|iPhone
		Release|iPhoneSimulator = Release|iPhoneSimulator
	EndGlobalSection
	GlobalSection(ProjectConfigurationPlatforms) = postSolution
		{09EEADA5-AE91-437E-A917-DC7A2CC08052}.Ad-Hoc|Any CPU.ActiveCfg = Release|Any CPU
		{09EEADA5-AE91-437E-A917-DC7A2CC08052}.Ad-Hoc|Any CPU.Build.0 = Release|Any CPU
		{09EEADA5-AE91-437E-A917-DC7A2CC08052}.Ad-Hoc|Any CPU.Deploy.0 = Release|Any CPU
		{09EEADA5-AE91-437E-A917-DC7A2CC08052}.Ad-Hoc|iPhone.ActiveCfg = Release|Any CPU
		{09EEADA5-AE91-437E-A917-DC7A2CC08052}.Ad-Hoc|iPhone.Build.0 = Release|Any CPU
		{09EEADA5-AE91-437E-A917-DC7A2CC08052}.Ad-Hoc|iPhone.Deploy.0 = Release|Any CPU
		{09EEADA5-AE91-437E-A917-DC7A2CC08052}.Ad-Hoc|iPhoneSimulator.ActiveCfg = Release|Any CPU
		{09EEADA5-AE91-437E-A917-DC7A2CC08052}.Ad-Hoc|iPhoneSimulator.Build.0 = Release|Any CPU
		{09EEADA5-AE91-437E-A917-DC7A2CC08052}.Ad-Hoc|iPhoneSimulator.Deploy.0 = Release|Any CPU
		{09EEADA5-AE91-437E-A917-DC7A2CC08052}.AppStore|Any CPU.ActiveCfg = Release|Any CPU
		{09EEADA5-AE91-437E-A917-DC7A2CC08052}.AppStore|Any CPU.Build.0 = Release|Any CPU
		{09EEADA5-AE91-437E-A917-DC7A2CC08052}.AppStore|Any CPU.Deploy.0 = Release|Any CPU
		{09EEADA5-AE91-437E-A917-DC7A2CC08052}.AppStore|iPhone.ActiveCfg = Release|Any CPU
		{09EEADA5-AE91-437E-A917-DC7A2CC08052}.AppStore|iPhone.Build.0 = Release|Any CPU
		{09EEADA5-AE91-437E-A917-DC7A2CC08052}.AppStore|iPhone.Deploy.0 = Release|Any CPU
		{09EEADA5-AE91-437E-A917-DC7A2CC08052}.AppStore|iPhoneSimulator.ActiveCfg = Release|Any CPU
		{09EEADA5-AE91-437E-A917-DC7A2CC08052}.AppStore|iPhoneSimulator.Build.0 = Release|Any CPU
		{09EEADA5-AE91-437E-A917-DC7A2CC08052}.AppStore|iPhoneSimulator.Deploy.0 = Release|Any CPU
		{09EEADA5-AE91-437E-A917-DC7A2CC08052}.Debug|Any CPU.ActiveCfg = Debug|Any CPU
		{09EEADA5-AE91-437E-A917-DC7A2CC08052}.Debug|Any CPU.Build.0 = Debug|Any CPU
		{09EEADA5-AE91-437E-A917-DC7A2CC08052}.Debug|Any CPU.Deploy.0 = Debug|Any CPU
		{09EEADA5-AE91-437E-A917-DC7A2CC08052}.Debug|iPhone.ActiveCfg = Debug|Any CPU
		{09EEADA5-AE91-437E-A917-DC7A2CC08052}.Debug|iPhone.Build.0 = Debug|Any CPU
		{09EEADA5-AE91-437E-A917-DC7A2CC08052}.Debug|iPhone.Deploy.0 = Debug|Any CPU
		{09EEADA5-AE91-437E-A917-DC7A2CC08052}.Debug|iPhoneSimulator.ActiveCfg = Debug|Any CPU
		{09EEADA5-AE91-437E-A917-DC7A2CC08052}.Debug|iPhoneSimulator.Build.0 = Debug|Any CPU
		{09EEADA5-AE91-437E-A917-DC7A2CC08052}.Debug|iPhoneSimulator.Deploy.0 = Debug|Any CPU
		{09EEADA5-AE91-437E-A917-DC7A2CC08052}.Release|Any CPU.ActiveCfg = Release|Any CPU
		{09EEADA5-AE91-437E-A917-DC7A2CC08052}.Release|Any CPU.Build.0 = Release|Any CPU
		{09EEADA5-AE91-437E-A917-DC7A2CC08052}.Release|Any CPU.Deploy.0 = Release|Any CPU
		{09EEADA5-AE91-437E-A917-DC7A2CC08052}.Release|iPhone.ActiveCfg = Release|Any CPU
		{09EEADA5-AE91-437E-A917-DC7A2CC08052}.Release|iPhone.Build.0 = Release|Any CPU
		{09EEADA5-AE91-437E-A917-DC7A2CC08052}.Release|iPhone.Deploy.0 = Release|Any CPU
		{09EEADA5-AE91-437E-A917-DC7A2CC08052}.Release|iPhoneSimulator.ActiveCfg = Release|Any CPU
		{09EEADA5-AE91-437E-A917-DC7A2CC08052}.Release|iPhoneSimulator.Build.0 = Release|Any CPU
		{09EEADA5-AE91-437E-A917-DC7A2CC08052}.Release|iPhoneSimulator.Deploy.0 = Release|Any CPU
		{18FC58B8-3E01-465D-9FCA-EFD7EAE1C6EE}.Ad-Hoc|Any CPU.ActiveCfg = Ad-Hoc|iPhone
		{18FC58B8-3E01-465D-9FCA-EFD7EAE1C6EE}.Ad-Hoc|iPhone.ActiveCfg = Ad-Hoc|iPhone
		{18FC58B8-3E01-465D-9FCA-EFD7EAE1C6EE}.Ad-Hoc|iPhone.Build.0 = Ad-Hoc|iPhone
		{18FC58B8-3E01-465D-9FCA-EFD7EAE1C6EE}.Ad-Hoc|iPhoneSimulator.ActiveCfg = Ad-Hoc|iPhoneSimulator
		{18FC58B8-3E01-465D-9FCA-EFD7EAE1C6EE}.Ad-Hoc|iPhoneSimulator.Build.0 = Ad-Hoc|iPhoneSimulator
		{18FC58B8-3E01-465D-9FCA-EFD7EAE1C6EE}.AppStore|Any CPU.ActiveCfg = AppStore|iPhone
		{18FC58B8-3E01-465D-9FCA-EFD7EAE1C6EE}.AppStore|iPhone.ActiveCfg = AppStore|iPhone
		{18FC58B8-3E01-465D-9FCA-EFD7EAE1C6EE}.AppStore|iPhone.Build.0 = AppStore|iPhone
		{18FC58B8-3E01-465D-9FCA-EFD7EAE1C6EE}.AppStore|iPhoneSimulator.ActiveCfg = AppStore|iPhoneSimulator
		{18FC58B8-3E01-465D-9FCA-EFD7EAE1C6EE}.AppStore|iPhoneSimulator.Build.0 = AppStore|iPhoneSimulator
		{18FC58B8-3E01-465D-9FCA-EFD7EAE1C6EE}.Debug|Any CPU.ActiveCfg = Debug|iPhone
		{18FC58B8-3E01-465D-9FCA-EFD7EAE1C6EE}.Debug|iPhone.ActiveCfg = Debug|iPhone
		{18FC58B8-3E01-465D-9FCA-EFD7EAE1C6EE}.Debug|iPhone.Build.0 = Debug|iPhone
		{18FC58B8-3E01-465D-9FCA-EFD7EAE1C6EE}.Debug|iPhoneSimulator.ActiveCfg = Debug|iPhoneSimulator
		{18FC58B8-3E01-465D-9FCA-EFD7EAE1C6EE}.Debug|iPhoneSimulator.Build.0 = Debug|iPhoneSimulator
		{18FC58B8-3E01-465D-9FCA-EFD7EAE1C6EE}.Release|Any CPU.ActiveCfg = Release|iPhone
		{18FC58B8-3E01-465D-9FCA-EFD7EAE1C6EE}.Release|iPhone.ActiveCfg = Release|iPhone
		{18FC58B8-3E01-465D-9FCA-EFD7EAE1C6EE}.Release|iPhone.Build.0 = Release|iPhone
		{18FC58B8-3E01-465D-9FCA-EFD7EAE1C6EE}.Release|iPhoneSimulator.ActiveCfg = Release|iPhoneSimulator
		{18FC58B8-3E01-465D-9FCA-EFD7EAE1C6EE}.Release|iPhoneSimulator.Build.0 = Release|iPhoneSimulator
		{2ED462FE-F99B-4DCF-A56D-8A0CA0177868}.Ad-Hoc|Any CPU.ActiveCfg = Release|Any CPU
		{2ED462FE-F99B-4DCF-A56D-8A0CA0177868}.Ad-Hoc|Any CPU.Build.0 = Release|Any CPU
		{2ED462FE-F99B-4DCF-A56D-8A0CA0177868}.Ad-Hoc|iPhone.ActiveCfg = Release|Any CPU
		{2ED462FE-F99B-4DCF-A56D-8A0CA0177868}.Ad-Hoc|iPhone.Build.0 = Release|Any CPU
		{2ED462FE-F99B-4DCF-A56D-8A0CA0177868}.Ad-Hoc|iPhoneSimulator.ActiveCfg = Release|Any CPU
		{2ED462FE-F99B-4DCF-A56D-8A0CA0177868}.Ad-Hoc|iPhoneSimulator.Build.0 = Release|Any CPU
		{2ED462FE-F99B-4DCF-A56D-8A0CA0177868}.AppStore|Any CPU.ActiveCfg = Release|Any CPU
		{2ED462FE-F99B-4DCF-A56D-8A0CA0177868}.AppStore|Any CPU.Build.0 = Release|Any CPU
		{2ED462FE-F99B-4DCF-A56D-8A0CA0177868}.AppStore|iPhone.ActiveCfg = Release|Any CPU
		{2ED462FE-F99B-4DCF-A56D-8A0CA0177868}.AppStore|iPhone.Build.0 = Release|Any CPU
		{2ED462FE-F99B-4DCF-A56D-8A0CA0177868}.AppStore|iPhoneSimulator.ActiveCfg = Release|Any CPU
		{2ED462FE-F99B-4DCF-A56D-8A0CA0177868}.AppStore|iPhoneSimulator.Build.0 = Release|Any CPU
		{2ED462FE-F99B-4DCF-A56D-8A0CA0177868}.Debug|Any CPU.ActiveCfg = Debug|Any CPU
		{2ED462FE-F99B-4DCF-A56D-8A0CA0177868}.Debug|Any CPU.Build.0 = Debug|Any CPU
		{2ED462FE-F99B-4DCF-A56D-8A0CA0177868}.Debug|iPhone.ActiveCfg = Debug|Any CPU
		{2ED462FE-F99B-4DCF-A56D-8A0CA0177868}.Debug|iPhone.Build.0 = Debug|Any CPU
		{2ED462FE-F99B-4DCF-A56D-8A0CA0177868}.Debug|iPhoneSimulator.ActiveCfg = Debug|Any CPU
		{2ED462FE-F99B-4DCF-A56D-8A0CA0177868}.Debug|iPhoneSimulator.Build.0 = Debug|Any CPU
		{2ED462FE-F99B-4DCF-A56D-8A0CA0177868}.Release|Any CPU.ActiveCfg = Release|Any CPU
		{2ED462FE-F99B-4DCF-A56D-8A0CA0177868}.Release|Any CPU.Build.0 = Release|Any CPU
		{2ED462FE-F99B-4DCF-A56D-8A0CA0177868}.Release|iPhone.ActiveCfg = Release|Any CPU
		{2ED462FE-F99B-4DCF-A56D-8A0CA0177868}.Release|iPhone.Build.0 = Release|Any CPU
		{2ED462FE-F99B-4DCF-A56D-8A0CA0177868}.Release|iPhoneSimulator.ActiveCfg = Release|Any CPU
		{2ED462FE-F99B-4DCF-A56D-8A0CA0177868}.Release|iPhoneSimulator.Build.0 = Release|Any CPU
	EndGlobalSection
	GlobalSection(SolutionProperties) = preSolution
		HideSolutionNode = FALSE
	EndGlobalSection
EndGlobal
