
Microsoft Visual Studio Solution File, Format Version 12.00
# Visual Studio 14
VisualStudioVersion = 14.0.25420.1
MinimumVisualStudioVersion = 10.0.40219.1
Project("{FAE04EC0-301F-11D3-BF4B-00C04F79EFBC}") = "Charts.Droid", "Charts\Charts.Droid\Charts.Droid.csproj", "{DEB2C595-5795-4E12-9729-DAB3BCFF2B69}"
EndProject
Project("{FAE04EC0-301F-11D3-BF4B-00C04F79EFBC}") = "Charts.iOS", "Charts\Charts.iOS\Charts.iOS.csproj", "{0417ECBB-7DCE-4341-AB21-293488C706D3}"
EndProject
Project("{FAE04EC0-301F-11D3-BF4B-00C04F79EFBC}") = "Charts", "Charts\Charts\Charts.csproj", "{595293AA-0CAF-45C6-A8D4-4402BCB4C114}"
EndProject
Global
	GlobalSection(SolutionConfigurationPlatforms) = preSolution
		Ad-Hoc|Any CPU = Ad-Hoc|Any CPU
		Ad-Hoc|iPhone = Ad-Hoc|iPhone
		Ad-Hoc|iPhoneSimulator = Ad-Hoc|iPhoneSimulator
		AppStore|Any CPU = AppStore|Any CPU
		AppStore|iPhone = AppStore|iPhone
		AppStore|iPhoneSimulator = AppStore|iPhoneSimulator
		Debug|Any CPU = Debug|Any CPU
		Debug|iPhone = Debug|iPhone
		Debug|iPhoneSimulator = Debug|iPhoneSimulator
		Release|Any CPU = Release|Any CPU
		Release|iPhone = Release|iPhone
		Release|iPhoneSimulator = Release|iPhoneSimulator
	EndGlobalSection
	GlobalSection(ProjectConfigurationPlatforms) = postSolution
		{DEB2C595-5795-4E12-9729-DAB3BCFF2B69}.Ad-Hoc|Any CPU.ActiveCfg = Release|Any CPU
		{DEB2C595-5795-4E12-9729-DAB3BCFF2B69}.Ad-Hoc|Any CPU.Build.0 = Release|Any CPU
		{DEB2C595-5795-4E12-9729-DAB3BCFF2B69}.Ad-Hoc|Any CPU.Deploy.0 = Release|Any CPU
		{DEB2C595-5795-4E12-9729-DAB3BCFF2B69}.Ad-Hoc|iPhone.ActiveCfg = Release|Any CPU
		{DEB2C595-5795-4E12-9729-DAB3BCFF2B69}.Ad-Hoc|iPhone.Build.0 = Release|Any CPU
		{DEB2C595-5795-4E12-9729-DAB3BCFF2B69}.Ad-Hoc|iPhone.Deploy.0 = Release|Any CPU
		{DEB2C595-5795-4E12-9729-DAB3BCFF2B69}.Ad-Hoc|iPhoneSimulator.ActiveCfg = Release|Any CPU
		{DEB2C595-5795-4E12-9729-DAB3BCFF2B69}.Ad-Hoc|iPhoneSimulator.Build.0 = Release|Any CPU
		{DEB2C595-5795-4E12-9729-DAB3BCFF2B69}.Ad-Hoc|iPhoneSimulator.Deploy.0 = Release|Any CPU
		{DEB2C595-5795-4E12-9729-DAB3BCFF2B69}.AppStore|Any CPU.ActiveCfg = Release|Any CPU
		{DEB2C595-5795-4E12-9729-DAB3BCFF2B69}.AppStore|Any CPU.Build.0 = Release|Any CPU
		{DEB2C595-5795-4E12-9729-DAB3BCFF2B69}.AppStore|Any CPU.Deploy.0 = Release|Any CPU
		{DEB2C595-5795-4E12-9729-DAB3BCFF2B69}.AppStore|iPhone.ActiveCfg = Release|Any CPU
		{DEB2C595-5795-4E12-9729-DAB3BCFF2B69}.AppStore|iPhone.Build.0 = Release|Any CPU
		{DEB2C595-5795-4E12-9729-DAB3BCFF2B69}.AppStore|iPhone.Deploy.0 = Release|Any CPU
		{DEB2C595-5795-4E12-9729-DAB3BCFF2B69}.AppStore|iPhoneSimulator.ActiveCfg = Release|Any CPU
		{DEB2C595-5795-4E12-9729-DAB3BCFF2B69}.AppStore|iPhoneSimulator.Build.0 = Release|Any CPU
		{DEB2C595-5795-4E12-9729-DAB3BCFF2B69}.AppStore|iPhoneSimulator.Deploy.0 = Release|Any CPU
		{DEB2C595-5795-4E12-9729-DAB3BCFF2B69}.Debug|Any CPU.ActiveCfg = Debug|Any CPU
		{DEB2C595-5795-4E12-9729-DAB3BCFF2B69}.Debug|Any CPU.Build.0 = Debug|Any CPU
		{DEB2C595-5795-4E12-9729-DAB3BCFF2B69}.Debug|Any CPU.Deploy.0 = Debug|Any CPU
		{DEB2C595-5795-4E12-9729-DAB3BCFF2B69}.Debug|iPhone.ActiveCfg = Debug|Any CPU
		{DEB2C595-5795-4E12-9729-DAB3BCFF2B69}.Debug|iPhone.Build.0 = Debug|Any CPU
		{DEB2C595-5795-4E12-9729-DAB3BCFF2B69}.Debug|iPhone.Deploy.0 = Debug|Any CPU
		{DEB2C595-5795-4E12-9729-DAB3BCFF2B69}.Debug|iPhoneSimulator.ActiveCfg = Debug|Any CPU
		{DEB2C595-5795-4E12-9729-DAB3BCFF2B69}.Debug|iPhoneSimulator.Build.0 = Debug|Any CPU
		{DEB2C595-5795-4E12-9729-DAB3BCFF2B69}.Debug|iPhoneSimulator.Deploy.0 = Debug|Any CPU
		{DEB2C595-5795-4E12-9729-DAB3BCFF2B69}.Release|Any CPU.ActiveCfg = Release|Any CPU
		{DEB2C595-5795-4E12-9729-DAB3BCFF2B69}.Release|Any CPU.Build.0 = Release|Any CPU
		{DEB2C595-5795-4E12-9729-DAB3BCFF2B69}.Release|Any CPU.Deploy.0 = Release|Any CPU
		{DEB2C595-5795-4E12-9729-DAB3BCFF2B69}.Release|iPhone.ActiveCfg = Release|Any CPU
		{DEB2C595-5795-4E12-9729-DAB3BCFF2B69}.Release|iPhone.Build.0 = Release|Any CPU
		{DEB2C595-5795-4E12-9729-DAB3BCFF2B69}.Release|iPhone.Deploy.0 = Release|Any CPU
		{DEB2C595-5795-4E12-9729-DAB3BCFF2B69}.Release|iPhoneSimulator.ActiveCfg = Release|Any CPU
		{DEB2C595-5795-4E12-9729-DAB3BCFF2B69}.Release|iPhoneSimulator.Build.0 = Release|Any CPU
		{DEB2C595-5795-4E12-9729-DAB3BCFF2B69}.Release|iPhoneSimulator.Deploy.0 = Release|Any CPU
		{0417ECBB-7DCE-4341-AB21-293488C706D3}.Ad-Hoc|Any CPU.ActiveCfg = Ad-Hoc|iPhone
		{0417ECBB-7DCE-4341-AB21-293488C706D3}.Ad-Hoc|iPhone.ActiveCfg = Ad-Hoc|iPhone
		{0417ECBB-7DCE-4341-AB21-293488C706D3}.Ad-Hoc|iPhone.Build.0 = Ad-Hoc|iPhone
		{0417ECBB-7DCE-4341-AB21-293488C706D3}.Ad-Hoc|iPhoneSimulator.ActiveCfg = Ad-Hoc|iPhoneSimulator
		{0417ECBB-7DCE-4341-AB21-293488C706D3}.Ad-Hoc|iPhoneSimulator.Build.0 = Ad-Hoc|iPhoneSimulator
		{0417ECBB-7DCE-4341-AB21-293488C706D3}.AppStore|Any CPU.ActiveCfg = AppStore|iPhone
		{0417ECBB-7DCE-4341-AB21-293488C706D3}.AppStore|iPhone.ActiveCfg = AppStore|iPhone
		{0417ECBB-7DCE-4341-AB21-293488C706D3}.AppStore|iPhone.Build.0 = AppStore|iPhone
		{0417ECBB-7DCE-4341-AB21-293488C706D3}.AppStore|iPhoneSimulator.ActiveCfg = AppStore|iPhoneSimulator
		{0417ECBB-7DCE-4341-AB21-293488C706D3}.AppStore|iPhoneSimulator.Build.0 = AppStore|iPhoneSimulator
		{0417ECBB-7DCE-4341-AB21-293488C706D3}.Debug|Any CPU.ActiveCfg = Debug|iPhone
		{0417ECBB-7DCE-4341-AB21-293488C706D3}.Debug|iPhone.ActiveCfg = Debug|iPhone
		{0417ECBB-7DCE-4341-AB21-293488C706D3}.Debug|iPhone.Build.0 = Debug|iPhone
		{0417ECBB-7DCE-4341-AB21-293488C706D3}.Debug|iPhoneSimulator.ActiveCfg = Debug|iPhoneSimulator
		{0417ECBB-7DCE-4341-AB21-293488C706D3}.Debug|iPhoneSimulator.Build.0 = Debug|iPhoneSimulator
		{0417ECBB-7DCE-4341-AB21-293488C706D3}.Release|Any CPU.ActiveCfg = Release|iPhone
		{0417ECBB-7DCE-4341-AB21-293488C706D3}.Release|iPhone.ActiveCfg = Release|iPhone
		{0417ECBB-7DCE-4341-AB21-293488C706D3}.Release|iPhone.Build.0 = Release|iPhone
		{0417ECBB-7DCE-4341-AB21-293488C706D3}.Release|iPhoneSimulator.ActiveCfg = Release|iPhoneSimulator
		{0417ECBB-7DCE-4341-AB21-293488C706D3}.Release|iPhoneSimulator.Build.0 = Release|iPhoneSimulator
		{595293AA-0CAF-45C6-A8D4-4402BCB4C114}.Ad-Hoc|Any CPU.ActiveCfg = Release|Any CPU
		{595293AA-0CAF-45C6-A8D4-4402BCB4C114}.Ad-Hoc|Any CPU.Build.0 = Release|Any CPU
		{595293AA-0CAF-45C6-A8D4-4402BCB4C114}.Ad-Hoc|iPhone.ActiveCfg = Release|Any CPU
		{595293AA-0CAF-45C6-A8D4-4402BCB4C114}.Ad-Hoc|iPhone.Build.0 = Release|Any CPU
		{595293AA-0CAF-45C6-A8D4-4402BCB4C114}.Ad-Hoc|iPhoneSimulator.ActiveCfg = Release|Any CPU
		{595293AA-0CAF-45C6-A8D4-4402BCB4C114}.Ad-Hoc|iPhoneSimulator.Build.0 = Release|Any CPU
		{595293AA-0CAF-45C6-A8D4-4402BCB4C114}.AppStore|Any CPU.ActiveCfg = Release|Any CPU
		{595293AA-0CAF-45C6-A8D4-4402BCB4C114}.AppStore|Any CPU.Build.0 = Release|Any CPU
		{595293AA-0CAF-45C6-A8D4-4402BCB4C114}.AppStore|iPhone.ActiveCfg = Release|Any CPU
		{595293AA-0CAF-45C6-A8D4-4402BCB4C114}.AppStore|iPhone.Build.0 = Release|Any CPU
		{595293AA-0CAF-45C6-A8D4-4402BCB4C114}.AppStore|iPhoneSimulator.ActiveCfg = Release|Any CPU
		{595293AA-0CAF-45C6-A8D4-4402BCB4C114}.AppStore|iPhoneSimulator.Build.0 = Release|Any CPU
		{595293AA-0CAF-45C6-A8D4-4402BCB4C114}.Debug|Any CPU.ActiveCfg = Debug|Any CPU
		{595293AA-0CAF-45C6-A8D4-4402BCB4C114}.Debug|Any CPU.Build.0 = Debug|Any CPU
		{595293AA-0CAF-45C6-A8D4-4402BCB4C114}.Debug|iPhone.ActiveCfg = Debug|Any CPU
		{595293AA-0CAF-45C6-A8D4-4402BCB4C114}.Debug|iPhone.Build.0 = Debug|Any CPU
		{595293AA-0CAF-45C6-A8D4-4402BCB4C114}.Debug|iPhoneSimulator.ActiveCfg = Debug|Any CPU
		{595293AA-0CAF-45C6-A8D4-4402BCB4C114}.Debug|iPhoneSimulator.Build.0 = Debug|Any CPU
		{595293AA-0CAF-45C6-A8D4-4402BCB4C114}.Release|Any CPU.ActiveCfg = Release|Any CPU
		{595293AA-0CAF-45C6-A8D4-4402BCB4C114}.Release|Any CPU.Build.0 = Release|Any CPU
		{595293AA-0CAF-45C6-A8D4-4402BCB4C114}.Release|iPhone.ActiveCfg = Release|Any CPU
		{595293AA-0CAF-45C6-A8D4-4402BCB4C114}.Release|iPhone.Build.0 = Release|Any CPU
		{595293AA-0CAF-45C6-A8D4-4402BCB4C114}.Release|iPhoneSimulator.ActiveCfg = Release|Any CPU
		{595293AA-0CAF-45C6-A8D4-4402BCB4C114}.Release|iPhoneSimulator.Build.0 = Release|Any CPU
	EndGlobalSection
	GlobalSection(SolutionProperties) = preSolution
		HideSolutionNode = FALSE
	EndGlobalSection
EndGlobal
